
Microsoft Visual Studio Solution File, Format Version 12.00
# Visual Studio Version 17
VisualStudioVersion = 17.8.34330.188
MinimumVisualStudioVersion = 10.0.40219.1
Project("{FAE04EC0-301F-11D3-BF4B-00C04F79EFBC}") = "IdentityManagerServerApi", "IdentityManagerServerApi\IdentityManagerServerApi.csproj", "{F5B14DF6-0C75-4E4A-9DE1-C8576F72585D}"
EndProject
Project("{FAE04EC0-301F-11D3-BF4B-00C04F79EFBC}") = "SharedClassLibrary", "SharedClassLibrary\SharedClassLibrary.csproj", "{4C160959-0F61-44CE-B6AD-875DAD5E30E8}"
EndProject
Global
	GlobalSection(SolutionConfigurationPlatforms) = preSolution
		Debug|Any CPU = Debug|Any CPU
		Release|Any CPU = Release|Any CPU
	EndGlobalSection
	GlobalSection(ProjectConfigurationPlatforms) = postSolution
		{F5B14DF6-0C75-4E4A-9DE1-C8576F72585D}.Debug|Any CPU.ActiveCfg = Debug|Any CPU
		{F5B14DF6-0C75-4E4A-9DE1-C8576F72585D}.Debug|Any CPU.Build.0 = Debug|Any CPU
		{F5B14DF6-0C75-4E4A-9DE1-C8576F72585D}.Release|Any CPU.ActiveCfg = Release|Any CPU
		{F5B14DF6-0C75-4E4A-9DE1-C8576F72585D}.Release|Any CPU.Build.0 = Release|Any CPU
		{4C160959-0F61-44CE-B6AD-875DAD5E30E8}.Debug|Any CPU.ActiveCfg = Debug|Any CPU
		{4C160959-0F61-44CE-B6AD-875DAD5E30E8}.Debug|Any CPU.Build.0 = Debug|Any CPU
		{4C160959-0F61-44CE-B6AD-875DAD5E30E8}.Release|Any CPU.ActiveCfg = Release|Any CPU
		{4C160959-0F61-44CE-B6AD-875DAD5E30E8}.Release|Any CPU.Build.0 = Release|Any CPU
	EndGlobalSection
	GlobalSection(SolutionProperties) = preSolution
		HideSolutionNode = FALSE
	EndGlobalSection
	GlobalSection(ExtensibilityGlobals) = postSolution
		SolutionGuid = {E93068CE-8450-4CED-95C0-014E834D9896}
	EndGlobalSection
EndGlobal
